// !$*UTF8*$!
{
	archiveVersion = 1;
	classes = {
	};
	objectVersion = 46;
	objects = {

/* Begin PBXBuildFile section */
		871D68751DD69BAD00728AD6 /* FriendsDetailViewController.m in Sources */ = {isa = PBXBuildFile; fileRef = 871D68741DD69BAD00728AD6 /* FriendsDetailViewController.m */; };
		87C9F3411DD9279500734504 /* male.png in Resources */ = {isa = PBXBuildFile; fileRef = 87C9F33F1DD9279500734504 /* male.png */; };
		87C9F3421DD9279500734504 /* demail.png in Resources */ = {isa = PBXBuildFile; fileRef = 87C9F3401DD9279500734504 /* demail.png */; };
		87C9F3461DDE9F0300734504 /* FriendDetailTableCell.m in Sources */ = {isa = PBXBuildFile; fileRef = 87C9F3451DDE9F0300734504 /* FriendDetailTableCell.m */; };
		87ED6F661D834F1B004DB409 /* PNStranger.m in Sources */ = {isa = PBXBuildFile; fileRef = 87ED6F651D834F1B004DB409 /* PNStranger.m */; };
		87ED6F6D1D9199AF004DB409 /* Utils.m in Sources */ = {isa = PBXBuildFile; fileRef = 87ED6F6C1D9199AF004DB409 /* Utils.m */; };
		87ED6F741D9314C2004DB409 /* GMDCircleLoader.m in Sources */ = {isa = PBXBuildFile; fileRef = 87ED6F731D9314C2004DB409 /* GMDCircleLoader.m */; };
		87ED6F781D9CAB53004DB409 /* PNAlertHelper.m in Sources */ = {isa = PBXBuildFile; fileRef = 87ED6F771D9CAB53004DB409 /* PNAlertHelper.m */; };
		87ED6F7B1D9CAEF9004DB409 /* PNViewControllerHelper.m in Sources */ = {isa = PBXBuildFile; fileRef = 87ED6F7A1D9CAEF9004DB409 /* PNViewControllerHelper.m */; };
		87ED6F7D1DA73430004DB409 /* defaultAvatar.jpg in Resources */ = {isa = PBXBuildFile; fileRef = 87ED6F7C1DA73430004DB409 /* defaultAvatar.jpg */; };
		87ED6F7F1DADA739004DB409 /* refreshBtn.png in Resources */ = {isa = PBXBuildFile; fileRef = 87ED6F7E1DADA739004DB409 /* refreshBtn.png */; };
		87ED6F831DBE8031004DB409 /* VCHolder.m in Sources */ = {isa = PBXBuildFile; fileRef = 87ED6F821DBE8031004DB409 /* VCHolder.m */; };
		87ED6F861DC817C8004DB409 /* PNRelationship.m in Sources */ = {isa = PBXBuildFile; fileRef = 87ED6F851DC817C8004DB409 /* PNRelationship.m */; };
		87ED6F891DC81F4B004DB409 /* PNUtils.m in Sources */ = {isa = PBXBuildFile; fileRef = 87ED6F881DC81F4B004DB409 /* PNUtils.m */; };
		87ED6F8C1DCAB96A004DB409 /* FriendTableCell.m in Sources */ = {isa = PBXBuildFile; fileRef = 87ED6F8B1DCAB96A004DB409 /* FriendTableCell.m */; };
		87ED6F8F1DCC00C7004DB409 /* PNFriend.m in Sources */ = {isa = PBXBuildFile; fileRef = 87ED6F8E1DCC00C7004DB409 /* PNFriend.m */; };
		912D2D4F1C869FC30039AEF5 /* SlideNavigationController.m in Sources */ = {isa = PBXBuildFile; fileRef = 912D2D4E1C869FC30039AEF5 /* SlideNavigationController.m */; };
		912D2D541C86A0010039AEF5 /* menu-button.png in Resources */ = {isa = PBXBuildFile; fileRef = 912D2D521C86A0010039AEF5 /* menu-button.png */; };
		912D2D551C86A0010039AEF5 /* menu-button@2x.png in Resources */ = {isa = PBXBuildFile; fileRef = 912D2D531C86A0010039AEF5 /* menu-button@2x.png */; };
		912D2D611C86A0120039AEF5 /* SlideNavigationContorllerAnimatorSlide.m in Sources */ = {isa = PBXBuildFile; fileRef = 912D2D571C86A0120039AEF5 /* SlideNavigationContorllerAnimatorSlide.m */; };
		912D2D621C86A0120039AEF5 /* SlideNavigationContorllerAnimatorFade.m in Sources */ = {isa = PBXBuildFile; fileRef = 912D2D591C86A0120039AEF5 /* SlideNavigationContorllerAnimatorFade.m */; };
		912D2D631C86A0120039AEF5 /* SlideNavigationContorllerAnimatorSlideAndFade.m in Sources */ = {isa = PBXBuildFile; fileRef = 912D2D5B1C86A0120039AEF5 /* SlideNavigationContorllerAnimatorSlideAndFade.m */; };
		912D2D641C86A0120039AEF5 /* SlideNavigationContorllerAnimatorScale.m in Sources */ = {isa = PBXBuildFile; fileRef = 912D2D5D1C86A0120039AEF5 /* SlideNavigationContorllerAnimatorScale.m */; };
		912D2D651C86A0120039AEF5 /* SlideNavigationContorllerAnimatorScaleAndFade.m in Sources */ = {isa = PBXBuildFile; fileRef = 912D2D5F1C86A0120039AEF5 /* SlideNavigationContorllerAnimatorScaleAndFade.m */; };
		912D2D731C86A26A0039AEF5 /* LeftMenuViewController.m in Sources */ = {isa = PBXBuildFile; fileRef = 912D2D681C86A26A0039AEF5 /* LeftMenuViewController.m */; };
		912D2D741C86A26A0039AEF5 /* RightMenuViewController.m in Sources */ = {isa = PBXBuildFile; fileRef = 912D2D6A1C86A26A0039AEF5 /* RightMenuViewController.m */; };
		912D2D751C86A26A0039AEF5 /* HomeViewController.m in Sources */ = {isa = PBXBuildFile; fileRef = 912D2D6C1C86A26A0039AEF5 /* HomeViewController.m */; };
		912D2D761C86A26A0039AEF5 /* FriendsViewController.m in Sources */ = {isa = PBXBuildFile; fileRef = 912D2D6E1C86A26A0039AEF5 /* FriendsViewController.m */; };
		912D2D771C86A26A0039AEF5 /* ProfileViewController.m in Sources */ = {isa = PBXBuildFile; fileRef = 912D2D701C86A26A0039AEF5 /* ProfileViewController.m */; };
		912D2D781C86A26A0039AEF5 /* ProfileDetailViewController.m in Sources */ = {isa = PBXBuildFile; fileRef = 912D2D721C86A26A0039AEF5 /* ProfileDetailViewController.m */; };
		912D2D7B1C86A4050039AEF5 /* rightMenu.jpg in Resources */ = {isa = PBXBuildFile; fileRef = 912D2D791C86A4050039AEF5 /* rightMenu.jpg */; };
		912D2D7C1C86A4050039AEF5 /* leftMenu.jpg in Resources */ = {isa = PBXBuildFile; fileRef = 912D2D7A1C86A4050039AEF5 /* leftMenu.jpg */; };
		914431951C6E2353003FB63E /* main.m in Sources */ = {isa = PBXBuildFile; fileRef = 914431941C6E2353003FB63E /* main.m */; };
		914431981C6E2353003FB63E /* AppDelegate.m in Sources */ = {isa = PBXBuildFile; fileRef = 914431971C6E2353003FB63E /* AppDelegate.m */; };
		9144319B1C6E2353003FB63E /* ViewController.m in Sources */ = {isa = PBXBuildFile; fileRef = 9144319A1C6E2353003FB63E /* ViewController.m */; };
		9144319E1C6E2353003FB63E /* Main.storyboard in Resources */ = {isa = PBXBuildFile; fileRef = 9144319C1C6E2353003FB63E /* Main.storyboard */; };
		914431A01C6E2353003FB63E /* Assets.xcassets in Resources */ = {isa = PBXBuildFile; fileRef = 9144319F1C6E2353003FB63E /* Assets.xcassets */; };
		914431A31C6E2353003FB63E /* LaunchScreen.storyboard in Resources */ = {isa = PBXBuildFile; fileRef = 914431A11C6E2353003FB63E /* LaunchScreen.storyboard */; };
		914431AE1C6E2353003FB63E /* ProjectNingIOSTests.m in Sources */ = {isa = PBXBuildFile; fileRef = 914431AD1C6E2353003FB63E /* ProjectNingIOSTests.m */; };
		914431BB1C6E240E003FB63E /* PNService.m in Sources */ = {isa = PBXBuildFile; fileRef = 914431BA1C6E240E003FB63E /* PNService.m */; };
		914431BE1C6E250B003FB63E /* PNUser.m in Sources */ = {isa = PBXBuildFile; fileRef = 914431BD1C6E250B003FB63E /* PNUser.m */; };
		914431E01C6E75A0003FB63E /* AFHTTPSessionManager.m in Sources */ = {isa = PBXBuildFile; fileRef = 914431D41C6E75A0003FB63E /* AFHTTPSessionManager.m */; };
		914431E31C6E75A0003FB63E /* AFURLRequestSerialization.m in Sources */ = {isa = PBXBuildFile; fileRef = 914431DB1C6E75A0003FB63E /* AFURLRequestSerialization.m */; };
		914431E41C6E75A0003FB63E /* AFURLResponseSerialization.m in Sources */ = {isa = PBXBuildFile; fileRef = 914431DD1C6E75A0003FB63E /* AFURLResponseSerialization.m */; };
		914431E71C70DABA003FB63E /* AFURLSessionManager.m in Sources */ = {isa = PBXBuildFile; fileRef = 914431E61C70DABA003FB63E /* AFURLSessionManager.m */; };
		914431EA1C7244B7003FB63E /* PNDateFormater.m in Sources */ = {isa = PBXBuildFile; fileRef = 914431E91C7244B7003FB63E /* PNDateFormater.m */; };
		9170BBDC1D3F045D00FFD3E8 /* acceptBtnClicked.png in Resources */ = {isa = PBXBuildFile; fileRef = 9170BBDA1D3F045D00FFD3E8 /* acceptBtnClicked.png */; };
		9170BBDD1D3F045D00FFD3E8 /* acceptBtn.png in Resources */ = {isa = PBXBuildFile; fileRef = 9170BBDB1D3F045D00FFD3E8 /* acceptBtn.png */; };
		9170BBE01D3F052E00FFD3E8 /* denyBtnClicked.png in Resources */ = {isa = PBXBuildFile; fileRef = 9170BBDE1D3F052E00FFD3E8 /* denyBtnClicked.png */; };
		9170BBE11D3F052E00FFD3E8 /* denyBtn.png in Resources */ = {isa = PBXBuildFile; fileRef = 9170BBDF1D3F052E00FFD3E8 /* denyBtn.png */; };
		91C532C31C9C68D0003E0CCB /* PNImage.m in Sources */ = {isa = PBXBuildFile; fileRef = 91C532C21C9C68D0003E0CCB /* PNImage.m */; };
/* End PBXBuildFile section */

/* Begin PBXContainerItemProxy section */
		914431AA1C6E2353003FB63E /* PBXContainerItemProxy */ = {
			isa = PBXContainerItemProxy;
			containerPortal = 914431881C6E2353003FB63E /* Project object */;
			proxyType = 1;
			remoteGlobalIDString = 9144318F1C6E2353003FB63E;
			remoteInfo = ProjectNingIOS;
		};
/* End PBXContainerItemProxy section */

/* Begin PBXFileReference section */
		871D68731DD69BAD00728AD6 /* FriendsDetailViewController.h */ = {isa = PBXFileReference; fileEncoding = 4; lastKnownFileType = sourcecode.c.h; path = FriendsDetailViewController.h; sourceTree = "<group>"; };
		871D68741DD69BAD00728AD6 /* FriendsDetailViewController.m */ = {isa = PBXFileReference; fileEncoding = 4; lastKnownFileType = sourcecode.c.objc; path = FriendsDetailViewController.m; sourceTree = "<group>"; };
		87C9F33F1DD9279500734504 /* male.png */ = {isa = PBXFileReference; lastKnownFileType = image.png; path = male.png; sourceTree = "<group>"; };
		87C9F3401DD9279500734504 /* demail.png */ = {isa = PBXFileReference; lastKnownFileType = image.png; path = demail.png; sourceTree = "<group>"; };
		87C9F3441DDE9F0300734504 /* FriendDetailTableCell.h */ = {isa = PBXFileReference; fileEncoding = 4; lastKnownFileType = sourcecode.c.h; path = FriendDetailTableCell.h; sourceTree = "<group>"; };
		87C9F3451DDE9F0300734504 /* FriendDetailTableCell.m */ = {isa = PBXFileReference; fileEncoding = 4; lastKnownFileType = sourcecode.c.objc; path = FriendDetailTableCell.m; sourceTree = "<group>"; };
		87ED6F641D834F1B004DB409 /* PNStranger.h */ = {isa = PBXFileReference; fileEncoding = 4; lastKnownFileType = sourcecode.c.h; path = PNStranger.h; sourceTree = "<group>"; };
		87ED6F651D834F1B004DB409 /* PNStranger.m */ = {isa = PBXFileReference; fileEncoding = 4; lastKnownFileType = sourcecode.c.objc; path = PNStranger.m; sourceTree = "<group>"; };
		87ED6F6B1D9199AF004DB409 /* Utils.h */ = {isa = PBXFileReference; fileEncoding = 4; lastKnownFileType = sourcecode.c.h; path = Utils.h; sourceTree = "<group>"; };
		87ED6F6C1D9199AF004DB409 /* Utils.m */ = {isa = PBXFileReference; fileEncoding = 4; lastKnownFileType = sourcecode.c.objc; path = Utils.m; sourceTree = "<group>"; };
		87ED6F721D9314C2004DB409 /* GMDCircleLoader.h */ = {isa = PBXFileReference; fileEncoding = 4; lastKnownFileType = sourcecode.c.h; path = GMDCircleLoader.h; sourceTree = "<group>"; };
		87ED6F731D9314C2004DB409 /* GMDCircleLoader.m */ = {isa = PBXFileReference; fileEncoding = 4; lastKnownFileType = sourcecode.c.objc; path = GMDCircleLoader.m; sourceTree = "<group>"; };
		87ED6F761D9CAB53004DB409 /* PNAlertHelper.h */ = {isa = PBXFileReference; fileEncoding = 4; lastKnownFileType = sourcecode.c.h; path = PNAlertHelper.h; sourceTree = "<group>"; };
		87ED6F771D9CAB53004DB409 /* PNAlertHelper.m */ = {isa = PBXFileReference; fileEncoding = 4; lastKnownFileType = sourcecode.c.objc; path = PNAlertHelper.m; sourceTree = "<group>"; };
		87ED6F791D9CAEF9004DB409 /* PNViewControllerHelper.h */ = {isa = PBXFileReference; fileEncoding = 4; lastKnownFileType = sourcecode.c.h; path = PNViewControllerHelper.h; sourceTree = "<group>"; };
		87ED6F7A1D9CAEF9004DB409 /* PNViewControllerHelper.m */ = {isa = PBXFileReference; fileEncoding = 4; lastKnownFileType = sourcecode.c.objc; path = PNViewControllerHelper.m; sourceTree = "<group>"; };
		87ED6F7C1DA73430004DB409 /* defaultAvatar.jpg */ = {isa = PBXFileReference; lastKnownFileType = image.jpeg; path = defaultAvatar.jpg; sourceTree = "<group>"; };
		87ED6F7E1DADA739004DB409 /* refreshBtn.png */ = {isa = PBXFileReference; lastKnownFileType = image.png; path = refreshBtn.png; sourceTree = "<group>"; };
		87ED6F811DBE8031004DB409 /* VCHolder.h */ = {isa = PBXFileReference; fileEncoding = 4; lastKnownFileType = sourcecode.c.h; path = VCHolder.h; sourceTree = "<group>"; };
		87ED6F821DBE8031004DB409 /* VCHolder.m */ = {isa = PBXFileReference; fileEncoding = 4; lastKnownFileType = sourcecode.c.objc; path = VCHolder.m; sourceTree = "<group>"; };
		87ED6F841DC817C8004DB409 /* PNRelationship.h */ = {isa = PBXFileReference; fileEncoding = 4; lastKnownFileType = sourcecode.c.h; path = PNRelationship.h; sourceTree = "<group>"; };
		87ED6F851DC817C8004DB409 /* PNRelationship.m */ = {isa = PBXFileReference; fileEncoding = 4; lastKnownFileType = sourcecode.c.objc; path = PNRelationship.m; sourceTree = "<group>"; };
		87ED6F871DC81F4B004DB409 /* PNUtils.h */ = {isa = PBXFileReference; fileEncoding = 4; lastKnownFileType = sourcecode.c.h; path = PNUtils.h; sourceTree = "<group>"; };
		87ED6F881DC81F4B004DB409 /* PNUtils.m */ = {isa = PBXFileReference; fileEncoding = 4; lastKnownFileType = sourcecode.c.objc; path = PNUtils.m; sourceTree = "<group>"; };
		87ED6F8A1DCAB96A004DB409 /* FriendTableCell.h */ = {isa = PBXFileReference; fileEncoding = 4; lastKnownFileType = sourcecode.c.h; path = FriendTableCell.h; sourceTree = "<group>"; };
		87ED6F8B1DCAB96A004DB409 /* FriendTableCell.m */ = {isa = PBXFileReference; fileEncoding = 4; lastKnownFileType = sourcecode.c.objc; path = FriendTableCell.m; sourceTree = "<group>"; };
		87ED6F8D1DCC00C7004DB409 /* PNFriend.h */ = {isa = PBXFileReference; fileEncoding = 4; lastKnownFileType = sourcecode.c.h; path = PNFriend.h; sourceTree = "<group>"; };
		87ED6F8E1DCC00C7004DB409 /* PNFriend.m */ = {isa = PBXFileReference; fileEncoding = 4; lastKnownFileType = sourcecode.c.objc; path = PNFriend.m; sourceTree = "<group>"; };
		912D2D4D1C869FC30039AEF5 /* SlideNavigationController.h */ = {isa = PBXFileReference; fileEncoding = 4; lastKnownFileType = sourcecode.c.h; path = SlideNavigationController.h; sourceTree = "<group>"; };
		912D2D4E1C869FC30039AEF5 /* SlideNavigationController.m */ = {isa = PBXFileReference; fileEncoding = 4; lastKnownFileType = sourcecode.c.objc; path = SlideNavigationController.m; sourceTree = "<group>"; };
		912D2D521C86A0010039AEF5 /* menu-button.png */ = {isa = PBXFileReference; lastKnownFileType = image.png; path = "menu-button.png"; sourceTree = "<group>"; };
		912D2D531C86A0010039AEF5 /* menu-button@2x.png */ = {isa = PBXFileReference; lastKnownFileType = image.png; path = "menu-button@2x.png"; sourceTree = "<group>"; };
		912D2D561C86A0120039AEF5 /* SlideNavigationContorllerAnimatorSlide.h */ = {isa = PBXFileReference; fileEncoding = 4; lastKnownFileType = sourcecode.c.h; path = SlideNavigationContorllerAnimatorSlide.h; sourceTree = "<group>"; };
		912D2D571C86A0120039AEF5 /* SlideNavigationContorllerAnimatorSlide.m */ = {isa = PBXFileReference; fileEncoding = 4; lastKnownFileType = sourcecode.c.objc; path = SlideNavigationContorllerAnimatorSlide.m; sourceTree = "<group>"; };
		912D2D581C86A0120039AEF5 /* SlideNavigationContorllerAnimatorFade.h */ = {isa = PBXFileReference; fileEncoding = 4; lastKnownFileType = sourcecode.c.h; path = SlideNavigationContorllerAnimatorFade.h; sourceTree = "<group>"; };
		912D2D591C86A0120039AEF5 /* SlideNavigationContorllerAnimatorFade.m */ = {isa = PBXFileReference; fileEncoding = 4; lastKnownFileType = sourcecode.c.objc; path = SlideNavigationContorllerAnimatorFade.m; sourceTree = "<group>"; };
		912D2D5A1C86A0120039AEF5 /* SlideNavigationContorllerAnimatorSlideAndFade.h */ = {isa = PBXFileReference; fileEncoding = 4; lastKnownFileType = sourcecode.c.h; path = SlideNavigationContorllerAnimatorSlideAndFade.h; sourceTree = "<group>"; };
		912D2D5B1C86A0120039AEF5 /* SlideNavigationContorllerAnimatorSlideAndFade.m */ = {isa = PBXFileReference; fileEncoding = 4; lastKnownFileType = sourcecode.c.objc; path = SlideNavigationContorllerAnimatorSlideAndFade.m; sourceTree = "<group>"; };
		912D2D5C1C86A0120039AEF5 /* SlideNavigationContorllerAnimatorScale.h */ = {isa = PBXFileReference; fileEncoding = 4; lastKnownFileType = sourcecode.c.h; path = SlideNavigationContorllerAnimatorScale.h; sourceTree = "<group>"; };
		912D2D5D1C86A0120039AEF5 /* SlideNavigationContorllerAnimatorScale.m */ = {isa = PBXFileReference; fileEncoding = 4; lastKnownFileType = sourcecode.c.objc; path = SlideNavigationContorllerAnimatorScale.m; sourceTree = "<group>"; };
		912D2D5E1C86A0120039AEF5 /* SlideNavigationContorllerAnimatorScaleAndFade.h */ = {isa = PBXFileReference; fileEncoding = 4; lastKnownFileType = sourcecode.c.h; path = SlideNavigationContorllerAnimatorScaleAndFade.h; sourceTree = "<group>"; };
		912D2D5F1C86A0120039AEF5 /* SlideNavigationContorllerAnimatorScaleAndFade.m */ = {isa = PBXFileReference; fileEncoding = 4; lastKnownFileType = sourcecode.c.objc; path = SlideNavigationContorllerAnimatorScaleAndFade.m; sourceTree = "<group>"; };
		912D2D601C86A0120039AEF5 /* SlideNavigationContorllerAnimator.h */ = {isa = PBXFileReference; fileEncoding = 4; lastKnownFileType = sourcecode.c.h; path = SlideNavigationContorllerAnimator.h; sourceTree = "<group>"; };
		912D2D671C86A26A0039AEF5 /* LeftMenuViewController.h */ = {isa = PBXFileReference; fileEncoding = 4; lastKnownFileType = sourcecode.c.h; path = LeftMenuViewController.h; sourceTree = "<group>"; };
		912D2D681C86A26A0039AEF5 /* LeftMenuViewController.m */ = {isa = PBXFileReference; fileEncoding = 4; lastKnownFileType = sourcecode.c.objc; path = LeftMenuViewController.m; sourceTree = "<group>"; };
		912D2D691C86A26A0039AEF5 /* RightMenuViewController.h */ = {isa = PBXFileReference; fileEncoding = 4; lastKnownFileType = sourcecode.c.h; path = RightMenuViewController.h; sourceTree = "<group>"; };
		912D2D6A1C86A26A0039AEF5 /* RightMenuViewController.m */ = {isa = PBXFileReference; fileEncoding = 4; lastKnownFileType = sourcecode.c.objc; path = RightMenuViewController.m; sourceTree = "<group>"; };
		912D2D6B1C86A26A0039AEF5 /* HomeViewController.h */ = {isa = PBXFileReference; fileEncoding = 4; lastKnownFileType = sourcecode.c.h; path = HomeViewController.h; sourceTree = "<group>"; };
		912D2D6C1C86A26A0039AEF5 /* HomeViewController.m */ = {isa = PBXFileReference; fileEncoding = 4; lastKnownFileType = sourcecode.c.objc; path = HomeViewController.m; sourceTree = "<group>"; };
		912D2D6D1C86A26A0039AEF5 /* FriendsViewController.h */ = {isa = PBXFileReference; fileEncoding = 4; lastKnownFileType = sourcecode.c.h; path = FriendsViewController.h; sourceTree = "<group>"; };
		912D2D6E1C86A26A0039AEF5 /* FriendsViewController.m */ = {isa = PBXFileReference; fileEncoding = 4; lastKnownFileType = sourcecode.c.objc; path = FriendsViewController.m; sourceTree = "<group>"; };
		912D2D6F1C86A26A0039AEF5 /* ProfileViewController.h */ = {isa = PBXFileReference; fileEncoding = 4; lastKnownFileType = sourcecode.c.h; path = ProfileViewController.h; sourceTree = "<group>"; };
		912D2D701C86A26A0039AEF5 /* ProfileViewController.m */ = {isa = PBXFileReference; fileEncoding = 4; lastKnownFileType = sourcecode.c.objc; path = ProfileViewController.m; sourceTree = "<group>"; };
		912D2D711C86A26A0039AEF5 /* ProfileDetailViewController.h */ = {isa = PBXFileReference; fileEncoding = 4; lastKnownFileType = sourcecode.c.h; path = ProfileDetailViewController.h; sourceTree = "<group>"; };
		912D2D721C86A26A0039AEF5 /* ProfileDetailViewController.m */ = {isa = PBXFileReference; fileEncoding = 4; lastKnownFileType = sourcecode.c.objc; path = ProfileDetailViewController.m; sourceTree = "<group>"; };
		912D2D791C86A4050039AEF5 /* rightMenu.jpg */ = {isa = PBXFileReference; lastKnownFileType = image.jpeg; path = rightMenu.jpg; sourceTree = "<group>"; };
		912D2D7A1C86A4050039AEF5 /* leftMenu.jpg */ = {isa = PBXFileReference; lastKnownFileType = image.jpeg; path = leftMenu.jpg; sourceTree = "<group>"; };
		914431901C6E2353003FB63E /* ProjectNingIOS.app */ = {isa = PBXFileReference; explicitFileType = wrapper.application; includeInIndex = 0; path = ProjectNingIOS.app; sourceTree = BUILT_PRODUCTS_DIR; };
		914431941C6E2353003FB63E /* main.m */ = {isa = PBXFileReference; lastKnownFileType = sourcecode.c.objc; path = main.m; sourceTree = "<group>"; };
		914431961C6E2353003FB63E /* AppDelegate.h */ = {isa = PBXFileReference; lastKnownFileType = sourcecode.c.h; path = AppDelegate.h; sourceTree = "<group>"; };
		914431971C6E2353003FB63E /* AppDelegate.m */ = {isa = PBXFileReference; lastKnownFileType = sourcecode.c.objc; path = AppDelegate.m; sourceTree = "<group>"; };
		914431991C6E2353003FB63E /* ViewController.h */ = {isa = PBXFileReference; lastKnownFileType = sourcecode.c.h; path = ViewController.h; sourceTree = "<group>"; };
		9144319A1C6E2353003FB63E /* ViewController.m */ = {isa = PBXFileReference; lastKnownFileType = sourcecode.c.objc; path = ViewController.m; sourceTree = "<group>"; };
		9144319D1C6E2353003FB63E /* Base */ = {isa = PBXFileReference; lastKnownFileType = file.storyboard; name = Base; path = Base.lproj/Main.storyboard; sourceTree = "<group>"; };
		9144319F1C6E2353003FB63E /* Assets.xcassets */ = {isa = PBXFileReference; lastKnownFileType = folder.assetcatalog; path = Assets.xcassets; sourceTree = "<group>"; };
		914431A21C6E2353003FB63E /* Base */ = {isa = PBXFileReference; lastKnownFileType = file.storyboard; name = Base; path = Base.lproj/LaunchScreen.storyboard; sourceTree = "<group>"; };
		914431A41C6E2353003FB63E /* Info.plist */ = {isa = PBXFileReference; lastKnownFileType = text.plist.xml; path = Info.plist; sourceTree = "<group>"; };
		914431A91C6E2353003FB63E /* ProjectNingIOSTests.xctest */ = {isa = PBXFileReference; explicitFileType = wrapper.cfbundle; includeInIndex = 0; path = ProjectNingIOSTests.xctest; sourceTree = BUILT_PRODUCTS_DIR; };
		914431AD1C6E2353003FB63E /* ProjectNingIOSTests.m */ = {isa = PBXFileReference; lastKnownFileType = sourcecode.c.objc; path = ProjectNingIOSTests.m; sourceTree = "<group>"; };
		914431AF1C6E2353003FB63E /* Info.plist */ = {isa = PBXFileReference; lastKnownFileType = text.plist.xml; path = Info.plist; sourceTree = "<group>"; };
		914431B91C6E240E003FB63E /* PNService.h */ = {isa = PBXFileReference; fileEncoding = 4; lastKnownFileType = sourcecode.c.h; path = PNService.h; sourceTree = "<group>"; };
		914431BA1C6E240E003FB63E /* PNService.m */ = {isa = PBXFileReference; fileEncoding = 4; lastKnownFileType = sourcecode.c.objc; path = PNService.m; sourceTree = "<group>"; };
		914431BC1C6E250B003FB63E /* PNUser.h */ = {isa = PBXFileReference; fileEncoding = 4; lastKnownFileType = sourcecode.c.h; path = PNUser.h; sourceTree = "<group>"; };
		914431BD1C6E250B003FB63E /* PNUser.m */ = {isa = PBXFileReference; fileEncoding = 4; lastKnownFileType = sourcecode.c.objc; path = PNUser.m; sourceTree = "<group>"; };
		914431D31C6E75A0003FB63E /* AFHTTPSessionManager.h */ = {isa = PBXFileReference; fileEncoding = 4; lastKnownFileType = sourcecode.c.h; path = AFHTTPSessionManager.h; sourceTree = "<group>"; };
		914431D41C6E75A0003FB63E /* AFHTTPSessionManager.m */ = {isa = PBXFileReference; fileEncoding = 4; lastKnownFileType = sourcecode.c.objc; path = AFHTTPSessionManager.m; sourceTree = "<group>"; };
		914431D51C6E75A0003FB63E /* AFNetworking.h */ = {isa = PBXFileReference; fileEncoding = 4; lastKnownFileType = sourcecode.c.h; path = AFNetworking.h; sourceTree = "<group>"; };
		914431DA1C6E75A0003FB63E /* AFURLRequestSerialization.h */ = {isa = PBXFileReference; fileEncoding = 4; lastKnownFileType = sourcecode.c.h; path = AFURLRequestSerialization.h; sourceTree = "<group>"; };
		914431DB1C6E75A0003FB63E /* AFURLRequestSerialization.m */ = {isa = PBXFileReference; fileEncoding = 4; lastKnownFileType = sourcecode.c.objc; path = AFURLRequestSerialization.m; sourceTree = "<group>"; };
		914431DC1C6E75A0003FB63E /* AFURLResponseSerialization.h */ = {isa = PBXFileReference; fileEncoding = 4; lastKnownFileType = sourcecode.c.h; path = AFURLResponseSerialization.h; sourceTree = "<group>"; };
		914431DD1C6E75A0003FB63E /* AFURLResponseSerialization.m */ = {isa = PBXFileReference; fileEncoding = 4; lastKnownFileType = sourcecode.c.objc; path = AFURLResponseSerialization.m; sourceTree = "<group>"; };
		914431DE1C6E75A0003FB63E /* AFURLSessionManager.h */ = {isa = PBXFileReference; fileEncoding = 4; lastKnownFileType = sourcecode.c.h; path = AFURLSessionManager.h; sourceTree = "<group>"; };
		914431E61C70DABA003FB63E /* AFURLSessionManager.m */ = {isa = PBXFileReference; fileEncoding = 4; lastKnownFileType = sourcecode.c.objc; path = AFURLSessionManager.m; sourceTree = "<group>"; };
		914431E81C7244B7003FB63E /* PNDateFormater.h */ = {isa = PBXFileReference; fileEncoding = 4; lastKnownFileType = sourcecode.c.h; path = PNDateFormater.h; sourceTree = "<group>"; };
		914431E91C7244B7003FB63E /* PNDateFormater.m */ = {isa = PBXFileReference; fileEncoding = 4; lastKnownFileType = sourcecode.c.objc; path = PNDateFormater.m; sourceTree = "<group>"; };
		9170BBDA1D3F045D00FFD3E8 /* acceptBtnClicked.png */ = {isa = PBXFileReference; lastKnownFileType = image.png; path = acceptBtnClicked.png; sourceTree = "<group>"; };
		9170BBDB1D3F045D00FFD3E8 /* acceptBtn.png */ = {isa = PBXFileReference; lastKnownFileType = image.png; path = acceptBtn.png; sourceTree = "<group>"; };
		9170BBDE1D3F052E00FFD3E8 /* denyBtnClicked.png */ = {isa = PBXFileReference; lastKnownFileType = image.png; path = denyBtnClicked.png; sourceTree = "<group>"; };
		9170BBDF1D3F052E00FFD3E8 /* denyBtn.png */ = {isa = PBXFileReference; lastKnownFileType = image.png; path = denyBtn.png; sourceTree = "<group>"; };
		91C532C11C9C68D0003E0CCB /* PNImage.h */ = {isa = PBXFileReference; fileEncoding = 4; lastKnownFileType = sourcecode.c.h; path = PNImage.h; sourceTree = "<group>"; };
		91C532C21C9C68D0003E0CCB /* PNImage.m */ = {isa = PBXFileReference; fileEncoding = 4; lastKnownFileType = sourcecode.c.objc; path = PNImage.m; sourceTree = "<group>"; };
/* End PBXFileReference section */

/* Begin PBXFrameworksBuildPhase section */
		9144318D1C6E2353003FB63E /* Frameworks */ = {
			isa = PBXFrameworksBuildPhase;
			buildActionMask = 2147483647;
			files = (
			);
			runOnlyForDeploymentPostprocessing = 0;
		};
		914431A61C6E2353003FB63E /* Frameworks */ = {
			isa = PBXFrameworksBuildPhase;
			buildActionMask = 2147483647;
			files = (
			);
			runOnlyForDeploymentPostprocessing = 0;
		};
/* End PBXFrameworksBuildPhase section */

/* Begin PBXGroup section */
		87ED6F751D931F1E004DB409 /* Helpers */ = {
			isa = PBXGroup;
			children = (
				87ED6F721D9314C2004DB409 /* GMDCircleLoader.h */,
				87ED6F731D9314C2004DB409 /* GMDCircleLoader.m */,
				87ED6F6B1D9199AF004DB409 /* Utils.h */,
				87ED6F6C1D9199AF004DB409 /* Utils.m */,
				87ED6F811DBE8031004DB409 /* VCHolder.h */,
				87ED6F821DBE8031004DB409 /* VCHolder.m */,
				87ED6F8A1DCAB96A004DB409 /* FriendTableCell.h */,
				87ED6F8B1DCAB96A004DB409 /* FriendTableCell.m */,
				87C9F3441DDE9F0300734504 /* FriendDetailTableCell.h */,
				87C9F3451DDE9F0300734504 /* FriendDetailTableCell.m */,
			);
			name = Helpers;
			sourceTree = "<group>";
		};
		912D2D4C1C869F870039AEF5 /* SlideController */ = {
			isa = PBXGroup;
			children = (
				912D2D511C869FE30039AEF5 /* Assets */,
				912D2D501C869FDB0039AEF5 /* Animations */,
				912D2D4D1C869FC30039AEF5 /* SlideNavigationController.h */,
				912D2D4E1C869FC30039AEF5 /* SlideNavigationController.m */,
			);
			name = SlideController;
			sourceTree = "<group>";
		};
		912D2D501C869FDB0039AEF5 /* Animations */ = {
			isa = PBXGroup;
			children = (
				912D2D561C86A0120039AEF5 /* SlideNavigationContorllerAnimatorSlide.h */,
				912D2D571C86A0120039AEF5 /* SlideNavigationContorllerAnimatorSlide.m */,
				912D2D581C86A0120039AEF5 /* SlideNavigationContorllerAnimatorFade.h */,
				912D2D591C86A0120039AEF5 /* SlideNavigationContorllerAnimatorFade.m */,
				912D2D5A1C86A0120039AEF5 /* SlideNavigationContorllerAnimatorSlideAndFade.h */,
				912D2D5B1C86A0120039AEF5 /* SlideNavigationContorllerAnimatorSlideAndFade.m */,
				912D2D5C1C86A0120039AEF5 /* SlideNavigationContorllerAnimatorScale.h */,
				912D2D5D1C86A0120039AEF5 /* SlideNavigationContorllerAnimatorScale.m */,
				912D2D5E1C86A0120039AEF5 /* SlideNavigationContorllerAnimatorScaleAndFade.h */,
				912D2D5F1C86A0120039AEF5 /* SlideNavigationContorllerAnimatorScaleAndFade.m */,
				912D2D601C86A0120039AEF5 /* SlideNavigationContorllerAnimator.h */,
			);
			name = Animations;
			sourceTree = "<group>";
		};
		912D2D511C869FE30039AEF5 /* Assets */ = {
			isa = PBXGroup;
			children = (
				912D2D521C86A0010039AEF5 /* menu-button.png */,
				912D2D531C86A0010039AEF5 /* menu-button@2x.png */,
			);
			name = Assets;
			sourceTree = "<group>";
		};
		912D2D661C86A2510039AEF5 /* ViewControllers */ = {
			isa = PBXGroup;
			children = (
				912D2D671C86A26A0039AEF5 /* LeftMenuViewController.h */,
				912D2D681C86A26A0039AEF5 /* LeftMenuViewController.m */,
				912D2D691C86A26A0039AEF5 /* RightMenuViewController.h */,
				912D2D6A1C86A26A0039AEF5 /* RightMenuViewController.m */,
				912D2D6B1C86A26A0039AEF5 /* HomeViewController.h */,
				912D2D6C1C86A26A0039AEF5 /* HomeViewController.m */,
				912D2D6D1C86A26A0039AEF5 /* FriendsViewController.h */,
				912D2D6E1C86A26A0039AEF5 /* FriendsViewController.m */,
				871D68731DD69BAD00728AD6 /* FriendsDetailViewController.h */,
				871D68741DD69BAD00728AD6 /* FriendsDetailViewController.m */,
				912D2D6F1C86A26A0039AEF5 /* ProfileViewController.h */,
				912D2D701C86A26A0039AEF5 /* ProfileViewController.m */,
				912D2D711C86A26A0039AEF5 /* ProfileDetailViewController.h */,
				912D2D721C86A26A0039AEF5 /* ProfileDetailViewController.m */,
			);
			name = ViewControllers;
			sourceTree = "<group>";
		};
		914431871C6E2353003FB63E = {
			isa = PBXGroup;
			children = (
				914431921C6E2353003FB63E /* ProjectNingIOS */,
				914431AC1C6E2353003FB63E /* ProjectNingIOSTests */,
				914431911C6E2353003FB63E /* Products */,
			);
			sourceTree = "<group>";
		};
		914431911C6E2353003FB63E /* Products */ = {
			isa = PBXGroup;
			children = (
				914431901C6E2353003FB63E /* ProjectNingIOS.app */,
				914431A91C6E2353003FB63E /* ProjectNingIOSTests.xctest */,
			);
			name = Products;
			sourceTree = "<group>";
		};
		914431921C6E2353003FB63E /* ProjectNingIOS */ = {
			isa = PBXGroup;
			children = (
				87ED6F751D931F1E004DB409 /* Helpers */,
				9170BBE21D3F07F500FFD3E8 /* Images */,
				912D2D661C86A2510039AEF5 /* ViewControllers */,
				912D2D4C1C869F870039AEF5 /* SlideController */,
				914431B81C6E23E9003FB63E /* PNService */,
				914431961C6E2353003FB63E /* AppDelegate.h */,
				914431971C6E2353003FB63E /* AppDelegate.m */,
				914431991C6E2353003FB63E /* ViewController.h */,
				9144319A1C6E2353003FB63E /* ViewController.m */,
				9144319C1C6E2353003FB63E /* Main.storyboard */,
				9144319F1C6E2353003FB63E /* Assets.xcassets */,
				914431A11C6E2353003FB63E /* LaunchScreen.storyboard */,
				914431A41C6E2353003FB63E /* Info.plist */,
				914431931C6E2353003FB63E /* Supporting Files */,
			);
			path = ProjectNingIOS;
			sourceTree = "<group>";
		};
		914431931C6E2353003FB63E /* Supporting Files */ = {
			isa = PBXGroup;
			children = (
				914431941C6E2353003FB63E /* main.m */,
			);
			name = "Supporting Files";
			sourceTree = "<group>";
		};
		914431AC1C6E2353003FB63E /* ProjectNingIOSTests */ = {
			isa = PBXGroup;
			children = (
				914431AD1C6E2353003FB63E /* ProjectNingIOSTests.m */,
				914431AF1C6E2353003FB63E /* Info.plist */,
			);
			path = ProjectNingIOSTests;
			sourceTree = "<group>";
		};
		914431B81C6E23E9003FB63E /* PNService */ = {
			isa = PBXGroup;
			children = (
				914431D21C6E7592003FB63E /* HTTPHelper */,
				914431BC1C6E250B003FB63E /* PNUser.h */,
				914431BD1C6E250B003FB63E /* PNUser.m */,
				914431B91C6E240E003FB63E /* PNService.h */,
				914431BA1C6E240E003FB63E /* PNService.m */,
				914431E81C7244B7003FB63E /* PNDateFormater.h */,
				914431E91C7244B7003FB63E /* PNDateFormater.m */,
				91C532C11C9C68D0003E0CCB /* PNImage.h */,
				91C532C21C9C68D0003E0CCB /* PNImage.m */,
				87ED6F641D834F1B004DB409 /* PNStranger.h */,
				87ED6F651D834F1B004DB409 /* PNStranger.m */,
				87ED6F761D9CAB53004DB409 /* PNAlertHelper.h */,
				87ED6F771D9CAB53004DB409 /* PNAlertHelper.m */,
				87ED6F791D9CAEF9004DB409 /* PNViewControllerHelper.h */,
				87ED6F7A1D9CAEF9004DB409 /* PNViewControllerHelper.m */,
				87ED6F841DC817C8004DB409 /* PNRelationship.h */,
				87ED6F851DC817C8004DB409 /* PNRelationship.m */,
				87ED6F871DC81F4B004DB409 /* PNUtils.h */,
				87ED6F881DC81F4B004DB409 /* PNUtils.m */,
				87ED6F8D1DCC00C7004DB409 /* PNFriend.h */,
				87ED6F8E1DCC00C7004DB409 /* PNFriend.m */,
			);
			name = PNService;
			sourceTree = "<group>";
		};
		914431D21C6E7592003FB63E /* HTTPHelper */ = {
			isa = PBXGroup;
			children = (
				914431D31C6E75A0003FB63E /* AFHTTPSessionManager.h */,
				914431D41C6E75A0003FB63E /* AFHTTPSessionManager.m */,
				914431D51C6E75A0003FB63E /* AFNetworking.h */,
				914431DA1C6E75A0003FB63E /* AFURLRequestSerialization.h */,
				914431DB1C6E75A0003FB63E /* AFURLRequestSerialization.m */,
				914431DC1C6E75A0003FB63E /* AFURLResponseSerialization.h */,
				914431DD1C6E75A0003FB63E /* AFURLResponseSerialization.m */,
				914431DE1C6E75A0003FB63E /* AFURLSessionManager.h */,
				914431E61C70DABA003FB63E /* AFURLSessionManager.m */,
			);
			name = HTTPHelper;
			sourceTree = "<group>";
		};
		9170BBE21D3F07F500FFD3E8 /* Images */ = {
			isa = PBXGroup;
			children = (
				87ED6F7E1DADA739004DB409 /* refreshBtn.png */,
				87ED6F7C1DA73430004DB409 /* defaultAvatar.jpg */,
				912D2D791C86A4050039AEF5 /* rightMenu.jpg */,
				912D2D7A1C86A4050039AEF5 /* leftMenu.jpg */,
				87C9F33F1DD9279500734504 /* male.png */,
				87C9F3401DD9279500734504 /* demail.png */,
				9170BBDA1D3F045D00FFD3E8 /* acceptBtnClicked.png */,
				9170BBDB1D3F045D00FFD3E8 /* acceptBtn.png */,
				9170BBDE1D3F052E00FFD3E8 /* denyBtnClicked.png */,
				9170BBDF1D3F052E00FFD3E8 /* denyBtn.png */,
			);
			name = Images;
			sourceTree = "<group>";
		};
/* End PBXGroup section */

/* Begin PBXNativeTarget section */
		9144318F1C6E2353003FB63E /* ProjectNingIOS */ = {
			isa = PBXNativeTarget;
			buildConfigurationList = 914431B21C6E2353003FB63E /* Build configuration list for PBXNativeTarget "ProjectNingIOS" */;
			buildPhases = (
				9144318C1C6E2353003FB63E /* Sources */,
				9144318D1C6E2353003FB63E /* Frameworks */,
				9144318E1C6E2353003FB63E /* Resources */,
			);
			buildRules = (
			);
			dependencies = (
			);
			name = ProjectNingIOS;
			productName = ProjectNingIOS;
			productReference = 914431901C6E2353003FB63E /* ProjectNingIOS.app */;
			productType = "com.apple.product-type.application";
		};
		914431A81C6E2353003FB63E /* ProjectNingIOSTests */ = {
			isa = PBXNativeTarget;
			buildConfigurationList = 914431B51C6E2353003FB63E /* Build configuration list for PBXNativeTarget "ProjectNingIOSTests" */;
			buildPhases = (
				914431A51C6E2353003FB63E /* Sources */,
				914431A61C6E2353003FB63E /* Frameworks */,
				914431A71C6E2353003FB63E /* Resources */,
			);
			buildRules = (
			);
			dependencies = (
				914431AB1C6E2353003FB63E /* PBXTargetDependency */,
			);
			name = ProjectNingIOSTests;
			productName = ProjectNingIOSTests;
			productReference = 914431A91C6E2353003FB63E /* ProjectNingIOSTests.xctest */;
			productType = "com.apple.product-type.bundle.unit-test";
		};
/* End PBXNativeTarget section */

/* Begin PBXProject section */
		914431881C6E2353003FB63E /* Project object */ = {
			isa = PBXProject;
			attributes = {
				LastUpgradeCheck = 0720;
				ORGANIZATIONNAME = fangming;
				TargetAttributes = {
					9144318F1C6E2353003FB63E = {
						CreatedOnToolsVersion = 7.2.1;
					};
					914431A81C6E2353003FB63E = {
						CreatedOnToolsVersion = 7.2.1;
						TestTargetID = 9144318F1C6E2353003FB63E;
					};
				};
			};
			buildConfigurationList = 9144318B1C6E2353003FB63E /* Build configuration list for PBXProject "ProjectNingIOS" */;
			compatibilityVersion = "Xcode 3.2";
			developmentRegion = English;
			hasScannedForEncodings = 0;
			knownRegions = (
				en,
				Base,
			);
			mainGroup = 914431871C6E2353003FB63E;
			productRefGroup = 914431911C6E2353003FB63E /* Products */;
			projectDirPath = "";
			projectRoot = "";
			targets = (
				9144318F1C6E2353003FB63E /* ProjectNingIOS */,
				914431A81C6E2353003FB63E /* ProjectNingIOSTests */,
			);
		};
/* End PBXProject section */

/* Begin PBXResourcesBuildPhase section */
		9144318E1C6E2353003FB63E /* Resources */ = {
			isa = PBXResourcesBuildPhase;
			buildActionMask = 2147483647;
			files = (
				912D2D541C86A0010039AEF5 /* menu-button.png in Resources */,
				9170BBDD1D3F045D00FFD3E8 /* acceptBtn.png in Resources */,
				9170BBDC1D3F045D00FFD3E8 /* acceptBtnClicked.png in Resources */,
				9170BBE11D3F052E00FFD3E8 /* denyBtn.png in Resources */,
				914431A31C6E2353003FB63E /* LaunchScreen.storyboard in Resources */,
				914431A01C6E2353003FB63E /* Assets.xcassets in Resources */,
				9170BBE01D3F052E00FFD3E8 /* denyBtnClicked.png in Resources */,
				912D2D7B1C86A4050039AEF5 /* rightMenu.jpg in Resources */,
				87C9F3421DD9279500734504 /* demail.png in Resources */,
				87ED6F7F1DADA739004DB409 /* refreshBtn.png in Resources */,
				87ED6F7D1DA73430004DB409 /* defaultAvatar.jpg in Resources */,
				87C9F3411DD9279500734504 /* male.png in Resources */,
				912D2D551C86A0010039AEF5 /* menu-button@2x.png in Resources */,
				912D2D7C1C86A4050039AEF5 /* leftMenu.jpg in Resources */,
				9144319E1C6E2353003FB63E /* Main.storyboard in Resources */,
			);
			runOnlyForDeploymentPostprocessing = 0;
		};
		914431A71C6E2353003FB63E /* Resources */ = {
			isa = PBXResourcesBuildPhase;
			buildActionMask = 2147483647;
			files = (
			);
			runOnlyForDeploymentPostprocessing = 0;
		};
/* End PBXResourcesBuildPhase section */

/* Begin PBXSourcesBuildPhase section */
		9144318C1C6E2353003FB63E /* Sources */ = {
			isa = PBXSourcesBuildPhase;
			buildActionMask = 2147483647;
			files = (
				912D2D761C86A26A0039AEF5 /* FriendsViewController.m in Sources */,
				912D2D4F1C869FC30039AEF5 /* SlideNavigationController.m in Sources */,
				87ED6F8F1DCC00C7004DB409 /* PNFriend.m in Sources */,
				914431E71C70DABA003FB63E /* AFURLSessionManager.m in Sources */,
				914431E31C6E75A0003FB63E /* AFURLRequestSerialization.m in Sources */,
				87C9F3461DDE9F0300734504 /* FriendDetailTableCell.m in Sources */,
				87ED6F781D9CAB53004DB409 /* PNAlertHelper.m in Sources */,
				912D2D771C86A26A0039AEF5 /* ProfileViewController.m in Sources */,
				871D68751DD69BAD00728AD6 /* FriendsDetailViewController.m in Sources */,
				912D2D621C86A0120039AEF5 /* SlideNavigationContorllerAnimatorFade.m in Sources */,
				9144319B1C6E2353003FB63E /* ViewController.m in Sources */,
				912D2D651C86A0120039AEF5 /* SlideNavigationContorllerAnimatorScaleAndFade.m in Sources */,
				914431BB1C6E240E003FB63E /* PNService.m in Sources */,
				912D2D631C86A0120039AEF5 /* SlideNavigationContorllerAnimatorSlideAndFade.m in Sources */,
				87ED6F861DC817C8004DB409 /* PNRelationship.m in Sources */,
				87ED6F8C1DCAB96A004DB409 /* FriendTableCell.m in Sources */,
				914431981C6E2353003FB63E /* AppDelegate.m in Sources */,
				87ED6F7B1D9CAEF9004DB409 /* PNViewControllerHelper.m in Sources */,
				914431EA1C7244B7003FB63E /* PNDateFormater.m in Sources */,
				914431E41C6E75A0003FB63E /* AFURLResponseSerialization.m in Sources */,
				87ED6F6D1D9199AF004DB409 /* Utils.m in Sources */,
				912D2D781C86A26A0039AEF5 /* ProfileDetailViewController.m in Sources */,
				87ED6F831DBE8031004DB409 /* VCHolder.m in Sources */,
				912D2D641C86A0120039AEF5 /* SlideNavigationContorllerAnimatorScale.m in Sources */,
				912D2D741C86A26A0039AEF5 /* RightMenuViewController.m in Sources */,
				912D2D731C86A26A0039AEF5 /* LeftMenuViewController.m in Sources */,
				912D2D611C86A0120039AEF5 /* SlideNavigationContorllerAnimatorSlide.m in Sources */,
				91C532C31C9C68D0003E0CCB /* PNImage.m in Sources */,
				87ED6F891DC81F4B004DB409 /* PNUtils.m in Sources */,
				87ED6F661D834F1B004DB409 /* PNStranger.m in Sources */,
				914431E01C6E75A0003FB63E /* AFHTTPSessionManager.m in Sources */,
				914431951C6E2353003FB63E /* main.m in Sources */,
				912D2D751C86A26A0039AEF5 /* HomeViewController.m in Sources */,
				914431BE1C6E250B003FB63E /* PNUser.m in Sources */,
				87ED6F741D9314C2004DB409 /* GMDCircleLoader.m in Sources */,
			);
			runOnlyForDeploymentPostprocessing = 0;
		};
		914431A51C6E2353003FB63E /* Sources */ = {
			isa = PBXSourcesBuildPhase;
			buildActionMask = 2147483647;
			files = (
				914431AE1C6E2353003FB63E /* ProjectNingIOSTests.m in Sources */,
			);
			runOnlyForDeploymentPostprocessing = 0;
		};
/* End PBXSourcesBuildPhase section */

/* Begin PBXTargetDependency section */
		914431AB1C6E2353003FB63E /* PBXTargetDependency */ = {
			isa = PBXTargetDependency;
			target = 9144318F1C6E2353003FB63E /* ProjectNingIOS */;
			targetProxy = 914431AA1C6E2353003FB63E /* PBXContainerItemProxy */;
		};
/* End PBXTargetDependency section */

/* Begin PBXVariantGroup section */
		9144319C1C6E2353003FB63E /* Main.storyboard */ = {
			isa = PBXVariantGroup;
			children = (
				9144319D1C6E2353003FB63E /* Base */,
			);
			name = Main.storyboard;
			sourceTree = "<group>";
		};
		914431A11C6E2353003FB63E /* LaunchScreen.storyboard */ = {
			isa = PBXVariantGroup;
			children = (
				914431A21C6E2353003FB63E /* Base */,
			);
			name = LaunchScreen.storyboard;
			sourceTree = "<group>";
		};
/* End PBXVariantGroup section */

/* Begin XCBuildConfiguration section */
		914431B01C6E2353003FB63E /* Debug */ = {
			isa = XCBuildConfiguration;
			buildSettings = {
				ALWAYS_SEARCH_USER_PATHS = NO;
				CLANG_CXX_LANGUAGE_STANDARD = "gnu++0x";
				CLANG_CXX_LIBRARY = "libc++";
				CLANG_ENABLE_MODULES = YES;
				CLANG_ENABLE_OBJC_ARC = YES;
				CLANG_WARN_BOOL_CONVERSION = YES;
				CLANG_WARN_CONSTANT_CONVERSION = YES;
				CLANG_WARN_DIRECT_OBJC_ISA_USAGE = YES_ERROR;
				CLANG_WARN_EMPTY_BODY = YES;
				CLANG_WARN_ENUM_CONVERSION = YES;
				CLANG_WARN_INT_CONVERSION = YES;
				CLANG_WARN_OBJC_ROOT_CLASS = YES_ERROR;
				CLANG_WARN_UNREACHABLE_CODE = YES;
				CLANG_WARN__DUPLICATE_METHOD_MATCH = YES;
				"CODE_SIGN_IDENTITY[sdk=iphoneos*]" = "iPhone Developer";
				COPY_PHASE_STRIP = NO;
				DEBUG_INFORMATION_FORMAT = dwarf;
				ENABLE_STRICT_OBJC_MSGSEND = YES;
				ENABLE_TESTABILITY = YES;
				GCC_C_LANGUAGE_STANDARD = gnu99;
				GCC_DYNAMIC_NO_PIC = NO;
				GCC_NO_COMMON_BLOCKS = YES;
				GCC_OPTIMIZATION_LEVEL = 0;
				GCC_PREPROCESSOR_DEFINITIONS = (
					"DEBUG=1",
					"$(inherited)",
				);
				GCC_WARN_64_TO_32_BIT_CONVERSION = YES;
				GCC_WARN_ABOUT_RETURN_TYPE = YES_ERROR;
				GCC_WARN_UNDECLARED_SELECTOR = YES;
				GCC_WARN_UNINITIALIZED_AUTOS = YES_AGGRESSIVE;
				GCC_WARN_UNUSED_FUNCTION = YES;
				GCC_WARN_UNUSED_VARIABLE = YES;
				IPHONEOS_DEPLOYMENT_TARGET = 9.2;
				MTL_ENABLE_DEBUG_INFO = YES;
				ONLY_ACTIVE_ARCH = YES;
				SDKROOT = iphoneos;
				TARGETED_DEVICE_FAMILY = "1,2";
			};
			name = Debug;
		};
		914431B11C6E2353003FB63E /* Release */ = {
			isa = XCBuildConfiguration;
			buildSettings = {
				ALWAYS_SEARCH_USER_PATHS = NO;
				CLANG_CXX_LANGUAGE_STANDARD = "gnu++0x";
				CLANG_CXX_LIBRARY = "libc++";
				CLANG_ENABLE_MODULES = YES;
				CLANG_ENABLE_OBJC_ARC = YES;
				CLANG_WARN_BOOL_CONVERSION = YES;
				CLANG_WARN_CONSTANT_CONVERSION = YES;
				CLANG_WARN_DIRECT_OBJC_ISA_USAGE = YES_ERROR;
				CLANG_WARN_EMPTY_BODY = YES;
				CLANG_WARN_ENUM_CONVERSION = YES;
				CLANG_WARN_INT_CONVERSION = YES;
				CLANG_WARN_OBJC_ROOT_CLASS = YES_ERROR;
				CLANG_WARN_UNREACHABLE_CODE = YES;
				CLANG_WARN__DUPLICATE_METHOD_MATCH = YES;
				"CODE_SIGN_IDENTITY[sdk=iphoneos*]" = "iPhone Developer";
				COPY_PHASE_STRIP = NO;
				DEBUG_INFORMATION_FORMAT = "dwarf-with-dsym";
				ENABLE_NS_ASSERTIONS = NO;
				ENABLE_STRICT_OBJC_MSGSEND = YES;
				GCC_C_LANGUAGE_STANDARD = gnu99;
				GCC_NO_COMMON_BLOCKS = YES;
				GCC_WARN_64_TO_32_BIT_CONVERSION = YES;
				GCC_WARN_ABOUT_RETURN_TYPE = YES_ERROR;
				GCC_WARN_UNDECLARED_SELECTOR = YES;
				GCC_WARN_UNINITIALIZED_AUTOS = YES_AGGRESSIVE;
				GCC_WARN_UNUSED_FUNCTION = YES;
				GCC_WARN_UNUSED_VARIABLE = YES;
				IPHONEOS_DEPLOYMENT_TARGET = 9.2;
				MTL_ENABLE_DEBUG_INFO = NO;
				SDKROOT = iphoneos;
				TARGETED_DEVICE_FAMILY = "1,2";
				VALIDATE_PRODUCT = YES;
			};
			name = Release;
		};
		914431B31C6E2353003FB63E /* Debug */ = {
			isa = XCBuildConfiguration;
			buildSettings = {
				ASSETCATALOG_COMPILER_APPICON_NAME = AppIcon;
				INFOPLIST_FILE = ProjectNingIOS/Info.plist;
				LD_RUNPATH_SEARCH_PATHS = "$(inherited) @executable_path/Frameworks";
				PRODUCT_BUNDLE_IDENTIFIER = com.fmning.ProjectNingIOS;
				PRODUCT_NAME = "$(TARGET_NAME)";
			};
			name = Debug;
		};
		914431B41C6E2353003FB63E /* Release */ = {
			isa = XCBuildConfiguration;
			buildSettings = {
				ASSETCATALOG_COMPILER_APPICON_NAME = AppIcon;
				INFOPLIST_FILE = ProjectNingIOS/Info.plist;
				LD_RUNPATH_SEARCH_PATHS = "$(inherited) @executable_path/Frameworks";
				PRODUCT_BUNDLE_IDENTIFIER = com.fmning.ProjectNingIOS;
				PRODUCT_NAME = "$(TARGET_NAME)";
			};
			name = Release;
		};
		914431B61C6E2353003FB63E /* Debug */ = {
			isa = XCBuildConfiguration;
			buildSettings = {
				BUNDLE_LOADER = "$(TEST_HOST)";
				INFOPLIST_FILE = ProjectNingIOSTests/Info.plist;
				LD_RUNPATH_SEARCH_PATHS = "$(inherited) @executable_path/Frameworks @loader_path/Frameworks";
				PRODUCT_BUNDLE_IDENTIFIER = com.fmning.ProjectNingIOSTests;
				PRODUCT_NAME = "$(TARGET_NAME)";
				TEST_HOST = "$(BUILT_PRODUCTS_DIR)/ProjectNingIOS.app/ProjectNingIOS";
			};
			name = Debug;
		};
		914431B71C6E2353003FB63E /* Release */ = {
			isa = XCBuildConfiguration;
			buildSettings = {
				BUNDLE_LOADER = "$(TEST_HOST)";
				INFOPLIST_FILE = ProjectNingIOSTests/Info.plist;
				LD_RUNPATH_SEARCH_PATHS = "$(inherited) @executable_path/Frameworks @loader_path/Frameworks";
				PRODUCT_BUNDLE_IDENTIFIER = com.fmning.ProjectNingIOSTests;
				PRODUCT_NAME = "$(TARGET_NAME)";
				TEST_HOST = "$(BUILT_PRODUCTS_DIR)/ProjectNingIOS.app/ProjectNingIOS";
			};
			name = Release;
		};
/* End XCBuildConfiguration section */

/* Begin XCConfigurationList section */
		9144318B1C6E2353003FB63E /* Build configuration list for PBXProject "ProjectNingIOS" */ = {
			isa = XCConfigurationList;
			buildConfigurations = (
				914431B01C6E2353003FB63E /* Debug */,
				914431B11C6E2353003FB63E /* Release */,
			);
			defaultConfigurationIsVisible = 0;
			defaultConfigurationName = Release;
		};
		914431B21C6E2353003FB63E /* Build configuration list for PBXNativeTarget "ProjectNingIOS" */ = {
			isa = XCConfigurationList;
			buildConfigurations = (
				914431B31C6E2353003FB63E /* Debug */,
				914431B41C6E2353003FB63E /* Release */,
			);
			defaultConfigurationIsVisible = 0;
			defaultConfigurationName = Release;
		};
		914431B51C6E2353003FB63E /* Build configuration list for PBXNativeTarget "ProjectNingIOSTests" */ = {
			isa = XCConfigurationList;
			buildConfigurations = (
				914431B61C6E2353003FB63E /* Debug */,
				914431B71C6E2353003FB63E /* Release */,
			);
			defaultConfigurationIsVisible = 0;
			defaultConfigurationName = Release;
		};
/* End XCConfigurationList section */
	};
	rootObject = 914431881C6E2353003FB63E /* Project object */;
}
